
Microsoft Visual Studio Solution File, Format Version 12.00
# Visual Studio Version 16
VisualStudioVersion = 16.0.30225.117
MinimumVisualStudioVersion = 10.0.40219.1
Project("{FAE04EC0-301F-11D3-BF4B-00C04F79EFBC}") = "GetSteamGameServers", "GetSteamGameServers\GetSteamGameServers.csproj", "{32A03032-DAC1-4E67-8AD7-84408AFA85F3}"
EndProject
Global
	GlobalSection(SolutionConfigurationPlatforms) = preSolution
		Debug|Any CPU = Debug|Any CPU
		Release|Any CPU = Release|Any CPU
	EndGlobalSection
	GlobalSection(ProjectConfigurationPlatforms) = postSolution
		{32A03032-DAC1-4E67-8AD7-84408AFA85F3}.Debug|Any CPU.ActiveCfg = Debug|Any CPU
		{32A03032-DAC1-4E67-8AD7-84408AFA85F3}.Debug|Any CPU.Build.0 = Debug|Any CPU
		{32A03032-DAC1-4E67-8AD7-84408AFA85F3}.Release|Any CPU.ActiveCfg = Release|Any CPU
		{32A03032-DAC1-4E67-8AD7-84408AFA85F3}.Release|Any CPU.Build.0 = Release|Any CPU
	EndGlobalSection
	GlobalSection(SolutionProperties) = preSolution
		HideSolutionNode = FALSE
	EndGlobalSection
	GlobalSection(ExtensibilityGlobals) = postSolution
		SolutionGuid = {BB96DE3E-E621-4F5F-A7B9-C0667180C947}
	EndGlobalSection
EndGlobal
